<?xml version="1.0" encoding="utf-8"?>
<Project ToolsVersion="4.0" xmlns="http://schemas.microsoft.com/developer/msbuild/2003">
  <ItemGroup>
    <Filter Include="Source Files">
      <UniqueIdentifier>{4FC737F1-C7A5-4376-A066-2A32D752A2FF}</UniqueIdentifier>
      <Extensions>cpp;c;cc;cxx;def;odl;idl;hpj;bat;asm;asmx</Extensions>
    </Filter>
    <Filter Include="Header Files">
      <UniqueIdentifier>{93995380-89BD-4b04-88EB-625FBE52EBFB}</UniqueIdentifier>
      <Extensions>h;hpp;hxx;hm;inl;inc;xsd</Extensions>
    </Filter>
    <Filter Include="Resource Files">
      <UniqueIdentifier>{67DA6AB6-F800-4c08-8B7A-83BB121AAD01}</UniqueIdentifier>
      <Extensions>rc;ico;cur;bmp;dlg;rc2;rct;bin;rgs;gif;jpg;jpeg;jpe;resx;tiff;tif;png;wav;mfcribbon-ms</Extensions>
    </Filter>
    <Filter Include="Source Files\syntax">
      <UniqueIdentifier>{73e0686b-fd61-440e-9bb5-08e1b95d28eb}</UniqueIdentifier>
    </Filter>
    <Filter Include="Header Files\syntax">
      <UniqueIdentifier>{cce6ca30-0dc1-43d7-85d8-4a158e4cfe71}</UniqueIdentifier>
    </Filter>
    <Filter Include="Header Files\detail">
      <UniqueIdentifier>{4640de1e-5936-444b-825e-7fa3e0fb88d4}</UniqueIdentifier>
    </Filter>
    <Filter Include="Header Files\io">
      <UniqueIdentifier>{8d9baa6d-f4ec-4c79-ad1d-134d8eeabeb5}</UniqueIdentifier>
    </Filter>
    <Filter Include="Header Files\core">
      <UniqueIdentifier>{32d96e13-e16e-4fcc-83d8-c8dfcd3ee2ad}</UniqueIdentifier>
    </Filter>
    <Filter Include="Source Files\core">
      <UniqueIdentifier>{0756941c-f505-499a-8dd2-6f75f7ad9520}</UniqueIdentifier>
    </Filter>
    <Filter Include="Header Files\expression">
      <UniqueIdentifier>{61dcc72a-b82c-4b0b-a9f2-cad8f2d638c4}</UniqueIdentifier>
    </Filter>
    <Filter Include="Header Files\output">
      <UniqueIdentifier>{b19ff030-c137-471b-a360-56d0e7f8adbb}</UniqueIdentifier>
    </Filter>
    <Filter Include="Header Files\output\glsl">
      <UniqueIdentifier>{bc55f2a8-fb1f-4a80-8acb-e468ea9868c2}</UniqueIdentifier>
    </Filter>
    <Filter Include="Header Files\output\hlsl">
      <UniqueIdentifier>{ca070abe-e82f-4170-9c1b-6e584ee74f91}</UniqueIdentifier>
    </Filter>
    <Filter Include="Source Files\output">
      <UniqueIdentifier>{9bfaf5c3-9a28-4c00-a5f8-c58851835bac}</UniqueIdentifier>
    </Filter>
    <Filter Include="Source Files\output\glsl">
      <UniqueIdentifier>{b77c3e6a-2c95-4ba8-ace0-13aa69994ef5}</UniqueIdentifier>
    </Filter>
    <Filter Include="Source Files\output\hlsl">
      <UniqueIdentifier>{c589984d-d2a2-47d4-a6fd-fdd5241b19a3}</UniqueIdentifier>
    </Filter>
  </ItemGroup>
  <ItemGroup>
    <ClInclude Include="src\scope.h">
      <Filter>Header Files</Filter>
    </ClInclude>
    <ClInclude Include="src\element.h">
      <Filter>Header Files</Filter>
    </ClInclude>
    <ClInclude Include="src\scalar.h">
      <Filter>Header Files</Filter>
    </ClInclude>
    <ClInclude Include="src\syntax\block.h">
      <Filter>Header Files\syntax</Filter>
    </ClInclude>
    <ClInclude Include="src\syntax\node.h">
      <Filter>Header Files\syntax</Filter>
    </ClInclude>
    <ClInclude Include="src\syntax\tree.h">
      <Filter>Header Files\syntax</Filter>
    </ClInclude>
    <ClInclude Include="src\shader.h">
      <Filter>Header Files</Filter>
    </ClInclude>
    <ClInclude Include="src\syntax\block_manager.h">
      <Filter>Header Files\syntax</Filter>
    </ClInclude>
    <ClInclude Include="src\syntax\variable_declaration.h">
      <Filter>Header Files\syntax</Filter>
    </ClInclude>
    <ClInclude Include="src\syntax\operator.h">
      <Filter>Header Files\syntax</Filter>
    </ClInclude>
    <ClInclude Include="src\if.h">
      <Filter>Header Files</Filter>
    </ClInclude>
    <ClInclude Include="src\syntax\conditional.h">
      <Filter>Header Files\syntax</Filter>
    </ClInclude>
    <ClInclude Include="src\vector.h">
      <Filter>Header Files</Filter>
    </ClInclude>
    <ClInclude Include="src\basic.h">
      <Filter>Header Files</Filter>
    </ClInclude>
    <ClInclude Include="src\variable.h">
      <Filter>Header Files</Filter>
    </ClInclude>
    <ClInclude Include="src\traits.h">
      <Filter>Header Files</Filter>
    </ClInclude>
    <ClInclude Include="src\syntax\statement.h">
      <Filter>Header Files\syntax</Filter>
    </ClInclude>
    <ClInclude Include="src\syntax\temporary.h">
      <Filter>Header Files\syntax</Filter>
    </ClInclude>
    <ClInclude Include="src\syntax\expression_statement.h">
      <Filter>Header Files\syntax</Filter>
    </ClInclude>
    <ClInclude Include="src\syntax\expression.h">
      <Filter>Header Files\syntax</Filter>
    </ClInclude>
    <ClInclude Include="src\syntax\literal.h">
      <Filter>Header Files\syntax</Filter>
    </ClInclude>
    <ClInclude Include="src\syntax\reference.h">
      <Filter>Header Files\syntax</Filter>
    </ClInclude>
    <ClInclude Include="src\syntax\declaration.h">
      <Filter>Header Files\syntax</Filter>
    </ClInclude>
    <ClInclude Include="src\syntax\parentheses.h">
      <Filter>Header Files\syntax</Filter>
    </ClInclude>
    <ClInclude Include="src\syntax\function_call.h">
      <Filter>Header Files\syntax</Filter>
    </ClInclude>
    <ClInclude Include="src\call.h">
      <Filter>Header Files</Filter>
    </ClInclude>
    <ClInclude Include="src\detail\function_traits.h">
      <Filter>Header Files\detail</Filter>
    </ClInclude>
    <ClInclude Include="src\syntax\function_definition.h">
      <Filter>Header Files\syntax</Filter>
    </ClInclude>
    <ClInclude Include="src\syntax\function_manager.h">
      <Filter>Header Files\syntax</Filter>
    </ClInclude>
    <ClInclude Include="src\syntax\list.h">
      <Filter>Header Files\syntax</Filter>
    </ClInclude>
    <ClInclude Include="src\syntax\declaration_statement.h">
      <Filter>Header Files\syntax</Filter>
    </ClInclude>
    <ClInclude Include="src\syntax\parameter_declaration.h">
      <Filter>Header Files\syntax</Filter>
    </ClInclude>
    <ClInclude Include="src\syntax\return_statement.h">
      <Filter>Header Files\syntax</Filter>
    </ClInclude>
    <ClInclude Include="src\syntax\elide.h">
      <Filter>Header Files\syntax</Filter>
    </ClInclude>
    <ClInclude Include="src\syntax\action.h">
      <Filter>Header Files\syntax</Filter>
    </ClInclude>
    <ClInclude Include="src\detail\variadic_traits.h">
      <Filter>Header Files\detail</Filter>
    </ClInclude>
    <ClInclude Include="src\io\io.h">
      <Filter>Header Files\io</Filter>
    </ClInclude>
    <ClInclude Include="src\detail\conditional_traits.h">
      <Filter>Header Files\detail</Filter>
    </ClInclude>
    <ClInclude Include="src\syntax\io_block.h">
      <Filter>Header Files\syntax</Filter>
    </ClInclude>
    <ClInclude Include="src\detail\variadic_algorithm.h">
      <Filter>Header Files\detail</Filter>
    </ClInclude>
    <ClInclude Include="src\syntax\io_block_manager.h">
      <Filter>Header Files\syntax</Filter>
    </ClInclude>
    <ClInclude Include="src\core\qualifier.h">
      <Filter>Header Files\core</Filter>
    </ClInclude>
    <ClInclude Include="src\core\semantic.h">
      <Filter>Header Files\core</Filter>
    </ClInclude>
    <ClInclude Include="src\matrix.h">
      <Filter>Header Files</Filter>
    </ClInclude>
    <ClInclude Include="src\detail\enum_flags.h">
      <Filter>Header Files\detail</Filter>
    </ClInclude>
    <ClInclude Include="src\core\shader_stage.h">
      <Filter>Header Files\core</Filter>
    </ClInclude>
    <ClInclude Include="src\expression\expression.h">
      <Filter>Header Files\expression</Filter>
    </ClInclude>
    <ClInclude Include="src\syntax\constructor_call.h">
      <Filter>Header Files\syntax</Filter>
    </ClInclude>
    <ClInclude Include="src\detail\numeric.h">
      <Filter>Header Files\detail</Filter>
    </ClInclude>
    <ClInclude Include="src\detail\pass_key.h">
      <Filter>Header Files\detail</Filter>
    </ClInclude>
    <ClInclude Include="src\syntax\variable_info.h">
      <Filter>Header Files\syntax</Filter>
    </ClInclude>
    <ClInclude Include="src\syntax\block_base.h">
      <Filter>Header Files\syntax</Filter>
    </ClInclude>
    <ClInclude Include="src\syntax\operator_component_access.h">
      <Filter>Header Files\syntax</Filter>
    </ClInclude>
    <ClInclude Include="src\syntax\component_accessor.h">
      <Filter>Header Files\syntax</Filter>
    </ClInclude>
    <ClInclude Include="src\permutation.h">
      <Filter>Header Files</Filter>
    </ClInclude>
    <ClInclude Include="src\permutation_group.h">
      <Filter>Header Files</Filter>
    </ClInclude>
    <ClInclude Include="src\detail\comparison.h">
      <Filter>Header Files\detail</Filter>
    </ClInclude>
    <ClInclude Include="src\core\intrinsic.h">
      <Filter>Header Files\core</Filter>
    </ClInclude>
    <ClInclude Include="src\syntax\intrinsic_declaration.h">
      <Filter>Header Files\syntax</Filter>
    </ClInclude>
    <ClInclude Include="src\syntax\intrinsic_manager.h">
      <Filter>Header Files\syntax</Filter>
    </ClInclude>
    <ClInclude Include="src\syntax\intrinsic_call.h">
      <Filter>Header Files\syntax</Filter>
    </ClInclude>
    <ClInclude Include="src\detail\scoped_singleton.h">
      <Filter>Header Files\detail</Filter>
    </ClInclude>
    <ClInclude Include="src\syntax\block_guard.h">
      <Filter>Header Files\syntax</Filter>
    </ClInclude>
    <ClInclude Include="src\element_wise.h">
      <Filter>Header Files</Filter>
    </ClInclude>
    <ClInclude Include="src\basic_operators.h">
      <Filter>Header Files</Filter>
    </ClInclude>
    <ClInclude Include="src\detail\detect.h">
      <Filter>Header Files\detail</Filter>
    </ClInclude>
    <ClInclude Include="src\detail\reference.h">
      <Filter>Header Files\detail</Filter>
    </ClInclude>
    <ClInclude Include="src\detail\algorithm.h">
      <Filter>Header Files\detail</Filter>
    </ClInclude>
    <ClInclude Include="src\output\output.h">
      <Filter>Header Files\output</Filter>
    </ClInclude>
    <ClInclude Include="src\output\glsl\output_glsl.h">
      <Filter>Header Files\output\glsl</Filter>
    </ClInclude>
    <ClInclude Include="src\output\output_introspector.h">
      <Filter>Header Files\output</Filter>
    </ClInclude>
    <ClInclude Include="src\output\output_matrix_order.h">
      <Filter>Header Files\output</Filter>
    </ClInclude>
    <ClInclude Include="src\output\glsl\glsl_language.h">
      <Filter>Header Files\output\glsl</Filter>
    </ClInclude>
    <ClInclude Include="src\output\glsl\glsl_convention.h">
      <Filter>Header Files\output\glsl</Filter>
    </ClInclude>
    <ClInclude Include="src\output\language.h">
      <Filter>Header Files\output</Filter>
    </ClInclude>
    <ClInclude Include="src\type.h">
      <Filter>Header Files</Filter>
    </ClInclude>
    <ClInclude Include="src\output\glsl\output_introspector_glsl.h">
      <Filter>Header Files\output\glsl</Filter>
    </ClInclude>
  </ItemGroup>
  <ItemGroup>
    <ClCompile Include="src\scope.cpp">
      <Filter>Source Files</Filter>
    </ClCompile>
    <ClCompile Include="src\element.cpp">
      <Filter>Source Files</Filter>
    </ClCompile>
    <ClCompile Include="src\syntax\block.cpp">
      <Filter>Source Files\syntax</Filter>
    </ClCompile>
    <ClCompile Include="src\syntax\block_manager.cpp">
      <Filter>Source Files\syntax</Filter>
    </ClCompile>
    <ClCompile Include="src\variable.cpp">
      <Filter>Source Files</Filter>
    </ClCompile>
    <ClCompile Include="src\syntax\expression_statement.cpp">
      <Filter>Source Files\syntax</Filter>
    </ClCompile>
    <ClCompile Include="src\syntax\reference.cpp">
      <Filter>Source Files\syntax</Filter>
    </ClCompile>
    <ClCompile Include="src\syntax\elide.cpp">
      <Filter>Source Files\syntax</Filter>
    </ClCompile>
    <ClCompile Include="src\core\semantic.cpp">
      <Filter>Source Files\core</Filter>
    </ClCompile>
    <ClCompile Include="src\syntax\variable_info.cpp">
      <Filter>Source Files\syntax</Filter>
    </ClCompile>
    <ClCompile Include="src\syntax\block_base.cpp">
      <Filter>Source Files\syntax</Filter>
    </ClCompile>
    <ClCompile Include="src\syntax\io_block_manager.cpp">
      <Filter>Source Files\syntax</Filter>
    </ClCompile>
    <ClCompile Include="src\syntax\io_block.cpp">
      <Filter>Source Files\syntax</Filter>
    </ClCompile>
    <ClCompile Include="src\syntax\variable_declaration.cpp">
      <Filter>Source Files\syntax</Filter>
    </ClCompile>
    <ClCompile Include="src\syntax\operator.cpp">
      <Filter>Source Files\syntax</Filter>
    </ClCompile>
    <ClCompile Include="src\syntax\component_accessor.cpp">
      <Filter>Source Files\syntax</Filter>
    </ClCompile>
    <ClCompile Include="src\syntax\parameter_declaration.cpp">
      <Filter>Source Files\syntax</Filter>
    </ClCompile>
    <ClCompile Include="src\output\output.cpp">
      <Filter>Source Files\output</Filter>
    </ClCompile>
    <ClCompile Include="src\output\glsl\output_glsl.cpp">
      <Filter>Source Files\output\glsl</Filter>
    </ClCompile>
    <ClCompile Include="src\output\output_introspector.cpp">
      <Filter>Source Files\output</Filter>
    </ClCompile>
    <ClCompile Include="src\output\output_matrix_order.cpp">
      <Filter>Source Files\output</Filter>
    </ClCompile>
    <ClCompile Include="src\output\glsl\glsl_language.cpp">
      <Filter>Source Files\output\glsl</Filter>
    </ClCompile>
    <ClCompile Include="src\output\glsl\glsl_convention.cpp">
      <Filter>Source Files\output\glsl</Filter>
    </ClCompile>
    <ClCompile Include="src\syntax\intrinsic_declaration.cpp">
      <Filter>Source Files\syntax</Filter>
    </ClCompile>
    <ClCompile Include="src\output\language.cpp">
      <Filter>Source Files\output</Filter>
    </ClCompile>
    <ClCompile Include="src\type.cpp">
      <Filter>Source Files</Filter>
    </ClCompile>
    <ClCompile Include="src\output\glsl\output_introspector_glsl.cpp">
      <Filter>Source Files\output\glsl</Filter>
    </ClCompile>
  </ItemGroup>
</Project>