<?xml version="1.0" encoding="utf-8"?>
<Project ToolsVersion="4.0" xmlns="http://schemas.microsoft.com/developer/msbuild/2003">
  <ItemGroup>
    <Filter Include="Source Files">
      <UniqueIdentifier>{4FC737F1-C7A5-4376-A066-2A32D752A2FF}</UniqueIdentifier>
      <Extensions>cpp;c;cc;cxx;def;odl;idl;hpj;bat;asm;asmx</Extensions>
    </Filter>
    <Filter Include="Header Files">
      <UniqueIdentifier>{93995380-89BD-4b04-88EB-625FBE52EBFB}</UniqueIdentifier>
      <Extensions>h;hh;hpp;hxx;hm;inl;inc;xsd</Extensions>
    </Filter>
    <Filter Include="Resource Files">
      <UniqueIdentifier>{67DA6AB6-F800-4c08-8B7A-83BB121AAD01}</UniqueIdentifier>
      <Extensions>rc;ico;cur;bmp;dlg;rc2;rct;bin;rgs;gif;jpg;jpeg;jpe;resx;tiff;tif;png;wav;mfcribbon-ms</Extensions>
    </Filter>
    <Filter Include="Header Files\detail">
      <UniqueIdentifier>{698e5ef6-6a49-4c7e-81e3-750524ccf3b9}</UniqueIdentifier>
    </Filter>
    <Filter Include="Header Files\gl">
      <UniqueIdentifier>{a52faf4c-6db1-42cb-bc65-8bb007690602}</UniqueIdentifier>
    </Filter>
    <Filter Include="Source Files\gl">
      <UniqueIdentifier>{507f7c4b-45eb-4c74-9e2c-3b844b9d4a5b}</UniqueIdentifier>
    </Filter>
    <Filter Include="Header Files\dx">
      <UniqueIdentifier>{bc78574a-4877-4f1d-9f07-353cd9e6b96b}</UniqueIdentifier>
    </Filter>
    <Filter Include="Source Files\dx">
      <UniqueIdentifier>{56dc7c4b-ec1c-4207-88c6-2304c1357960}</UniqueIdentifier>
    </Filter>
  </ItemGroup>
  <ItemGroup>
    <ClInclude Include="src\detail\variant.h">
      <Filter>Header Files\detail</Filter>
    </ClInclude>
    <ClInclude Include="src\detail\blob.h">
      <Filter>Header Files\detail</Filter>
    </ClInclude>
    <ClInclude Include="src\detail\blob_view.h">
      <Filter>Header Files\detail</Filter>
    </ClInclude>
    <ClInclude Include="src\shader.h">
      <Filter>Header Files</Filter>
    </ClInclude>
    <ClInclude Include="src\shader_stage.h">
      <Filter>Header Files</Filter>
    </ClInclude>
    <ClInclude Include="src\gl\context.h">
      <Filter>Header Files\gl</Filter>
    </ClInclude>
    <ClInclude Include="src\shader_program.h">
      <Filter>Header Files</Filter>
    </ClInclude>
    <ClInclude Include="src\gl\shader_gl.h">
      <Filter>Header Files\gl</Filter>
    </ClInclude>
    <ClInclude Include="src\dx\shader_dx.h">
      <Filter>Header Files\dx</Filter>
    </ClInclude>
    <ClInclude Include="src\detail\byte.h">
      <Filter>Header Files\detail</Filter>
    </ClInclude>
    <ClInclude Include="src\sltl_api.h">
      <Filter>Header Files</Filter>
    </ClInclude>
  </ItemGroup>
  <ItemGroup>
    <ClCompile Include="src\shader.cpp">
      <Filter>Source Files</Filter>
    </ClCompile>
    <ClCompile Include="src\gl\context.cpp">
      <Filter>Source Files\gl</Filter>
    </ClCompile>
    <ClCompile Include="src\shader_program.cpp">
      <Filter>Source Files</Filter>
    </ClCompile>
    <ClCompile Include="src\gl\shader_gl.cpp">
      <Filter>Source Files\gl</Filter>
    </ClCompile>
    <ClCompile Include="src\dx\shader_dx.cpp">
      <Filter>Source Files\dx</Filter>
    </ClCompile>
  </ItemGroup>
</Project>